
Microsoft Visual Studio Solution File, Format Version 12.00
# Visual Studio 15
VisualStudioVersion = 15.0.28307.168
MinimumVisualStudioVersion = 10.0.40219.1
Project("{FAE04EC0-301F-11D3-BF4B-00C04F79EFBC}") = "UnitRepository.Core", "UnitRepository.Core\UnitRepository.Core.csproj", "{8A0DF9DC-40D1-4436-BFBA-C93226A84632}"
EndProject
Project("{FAE04EC0-301F-11D3-BF4B-00C04F79EFBC}") = "UnitRepository.Domain", "UnitRepository.Domain\UnitRepository.Domain.csproj", "{1EE4BE51-0C93-4BFE-93E7-ACF44C100B33}"
EndProject
Project("{FAE04EC0-301F-11D3-BF4B-00C04F79EFBC}") = "UnitRepository.Model", "UnitRepository.Model\UnitRepository.Model.csproj", "{0CAC9AAF-7245-4BA6-9D95-AC462A35043E}"
EndProject
Project("{FAE04EC0-301F-11D3-BF4B-00C04F79EFBC}") = "UnitRepository.Api", "UnitRepository.Api\UnitRepository.Api.csproj", "{CBDB1E11-34EC-463E-9909-4CE157CA8952}"
EndProject
Global
	GlobalSection(SolutionConfigurationPlatforms) = preSolution
		Debug|Any CPU = Debug|Any CPU
		Release|Any CPU = Release|Any CPU
	EndGlobalSection
	GlobalSection(ProjectConfigurationPlatforms) = postSolution
		{8A0DF9DC-40D1-4436-BFBA-C93226A84632}.Debug|Any CPU.ActiveCfg = Debug|Any CPU
		{8A0DF9DC-40D1-4436-BFBA-C93226A84632}.Debug|Any CPU.Build.0 = Debug|Any CPU
		{8A0DF9DC-40D1-4436-BFBA-C93226A84632}.Release|Any CPU.ActiveCfg = Release|Any CPU
		{8A0DF9DC-40D1-4436-BFBA-C93226A84632}.Release|Any CPU.Build.0 = Release|Any CPU
		{1EE4BE51-0C93-4BFE-93E7-ACF44C100B33}.Debug|Any CPU.ActiveCfg = Debug|Any CPU
		{1EE4BE51-0C93-4BFE-93E7-ACF44C100B33}.Debug|Any CPU.Build.0 = Debug|Any CPU
		{1EE4BE51-0C93-4BFE-93E7-ACF44C100B33}.Release|Any CPU.ActiveCfg = Release|Any CPU
		{1EE4BE51-0C93-4BFE-93E7-ACF44C100B33}.Release|Any CPU.Build.0 = Release|Any CPU
		{0CAC9AAF-7245-4BA6-9D95-AC462A35043E}.Debug|Any CPU.ActiveCfg = Debug|Any CPU
		{0CAC9AAF-7245-4BA6-9D95-AC462A35043E}.Debug|Any CPU.Build.0 = Debug|Any CPU
		{0CAC9AAF-7245-4BA6-9D95-AC462A35043E}.Release|Any CPU.ActiveCfg = Release|Any CPU
		{0CAC9AAF-7245-4BA6-9D95-AC462A35043E}.Release|Any CPU.Build.0 = Release|Any CPU
		{CBDB1E11-34EC-463E-9909-4CE157CA8952}.Debug|Any CPU.ActiveCfg = Debug|Any CPU
		{CBDB1E11-34EC-463E-9909-4CE157CA8952}.Debug|Any CPU.Build.0 = Debug|Any CPU
		{CBDB1E11-34EC-463E-9909-4CE157CA8952}.Release|Any CPU.ActiveCfg = Release|Any CPU
		{CBDB1E11-34EC-463E-9909-4CE157CA8952}.Release|Any CPU.Build.0 = Release|Any CPU
	EndGlobalSection
	GlobalSection(SolutionProperties) = preSolution
		HideSolutionNode = FALSE
	EndGlobalSection
	GlobalSection(ExtensibilityGlobals) = postSolution
		SolutionGuid = {8FB90DE2-6ECD-4D8D-AAEC-0081D53BA840}
	EndGlobalSection
EndGlobal
